
Microsoft Visual Studio Solution File, Format Version 12.00
# Visual Studio Version 17
VisualStudioVersion = 17.10.34928.147
MinimumVisualStudioVersion = 10.0.40219.1
Project("{FAE04EC0-301F-11D3-BF4B-00C04F79EFBC}") = "Garage", "Garage\Garage.csproj", "{8A663014-91BB-4BFE-85B8-96BD23661B3D}"
EndProject
Global
	GlobalSection(SolutionConfigurationPlatforms) = preSolution
		Debug|Any CPU = Debug|Any CPU
		Release|Any CPU = Release|Any CPU
	EndGlobalSection
	GlobalSection(ProjectConfigurationPlatforms) = postSolution
		{8A663014-91BB-4BFE-85B8-96BD23661B3D}.Debug|Any CPU.ActiveCfg = Debug|Any CPU
		{8A663014-91BB-4BFE-85B8-96BD23661B3D}.Debug|Any CPU.Build.0 = Debug|Any CPU
		{8A663014-91BB-4BFE-85B8-96BD23661B3D}.Release|Any CPU.ActiveCfg = Release|Any CPU
		{8A663014-91BB-4BFE-85B8-96BD23661B3D}.Release|Any CPU.Build.0 = Release|Any CPU
	EndGlobalSection
	GlobalSection(SolutionProperties) = preSolution
		HideSolutionNode = FALSE
	EndGlobalSection
	GlobalSection(ExtensibilityGlobals) = postSolution
		SolutionGuid = {4E58FFC1-FDD3-4C4F-9E20-0ACE12AD1EA9}
	EndGlobalSection
EndGlobal
